{
  "name": "pan-domain-node",
  "version": "0.4.0",
  "lockfileVersion": 1,
  "requires": true,
  "dependencies": {
    "@types/cookie": {
      "version": "0.3.2",
      "resolved": "https://registry.npmjs.org/@types/cookie/-/cookie-0.3.2.tgz",
      "integrity": "sha512-aHQA072E10/8iUQsPH7mQU/KUyQBZAGzTVRCUvnSz8mSvbrYsP4xEO2RSA0Pjltolzi0j8+8ixrm//Hr4umPzw==",
      "dev": true
    },
    "@types/iniparser": {
      "version": "0.0.29",
      "resolved": "https://registry.npmjs.org/@types/iniparser/-/iniparser-0.0.29.tgz",
      "integrity": "sha1-i9BboJXgpTFQ4xVPoCjGo+U4p18=",
      "dev": true
    },
    "@types/node": {
      "version": "11.10.5",
      "resolved": "https://registry.npmjs.org/@types/node/-/node-11.10.5.tgz",
      "integrity": "sha512-DuIRlQbX4K+d5I+GMnv+UfnGh+ist0RdlvOp+JZ7ePJ6KQONCFQv/gKYSU1ZzbVdFSUCKZOltjmpFAGGv5MdYA==",
      "dev": true
    },
    "@types/qs": {
      "version": "6.5.2",
      "resolved": "https://registry.npmjs.org/@types/qs/-/qs-6.5.2.tgz",
      "integrity": "sha512-47kAAs3yV/hROraCTQYDMh4p/6zI9+gtssjD0kq9OWsGdLcBge59rl49FnCuJ+iWxEKiqFz6KXzeGH5DRVjNJA==",
      "dev": true
    },
    "cookie": {
      "version": "0.3.1",
      "resolved": "https://registry.npmjs.org/cookie/-/cookie-0.3.1.tgz",
      "integrity": "sha1-5+Ch+e9DtMi6klxcWpboBtFoc7s="
    },
    "iniparser": {
      "version": "1.0.5",
      "resolved": "https://registry.npmjs.org/iniparser/-/iniparser-1.0.5.tgz",
      "integrity": "sha1-g21r7+bfv87gvM8c+fKsxwJ/eD0="
    },
    "qs": {
      "version": "6.6.0",
      "resolved": "https://registry.npmjs.org/qs/-/qs-6.6.0.tgz",
      "integrity": "sha512-KIJqT9jQJDQx5h5uAVPimw6yVg2SekOKu959OCtktD3FjzbpvaPr8i4zzg07DOMz+igA4W/aNM7OV8H37pFYfA=="
    },
    "typescript": {
      "version": "3.3.3333",
      "resolved": "https://registry.npmjs.org/typescript/-/typescript-3.3.3333.tgz",
      "integrity": "sha512-JjSKsAfuHBE/fB2oZ8NxtRTk5iGcg6hkYXMnZ3Wc+b2RSqejEqTaem11mHASMnFilHrax3sLK0GDzcJrekZYLw==",
      "dev": true
    }
  }
}
